
Microsoft Visual Studio Solution File, Format Version 12.00
# Visual Studio 15
VisualStudioVersion = 15.0.27703.2042
MinimumVisualStudioVersion = 10.0.40219.1
Project("{FAE04EC0-301F-11D3-BF4B-00C04F79EFBC}") = "HRM2CoreNetAngular", "HRM2CoreNetAngular\HRM2CoreNetAngular.csproj", "{F51F653D-61AC-470F-85AC-1484A5443EF9}"
EndProject
Global
	GlobalSection(SolutionConfigurationPlatforms) = preSolution
		Debug|Any CPU = Debug|Any CPU
		Release|Any CPU = Release|Any CPU
	EndGlobalSection
	GlobalSection(ProjectConfigurationPlatforms) = postSolution
		{F51F653D-61AC-470F-85AC-1484A5443EF9}.Debug|Any CPU.ActiveCfg = Debug|Any CPU
		{F51F653D-61AC-470F-85AC-1484A5443EF9}.Debug|Any CPU.Build.0 = Debug|Any CPU
		{F51F653D-61AC-470F-85AC-1484A5443EF9}.Release|Any CPU.ActiveCfg = Release|Any CPU
		{F51F653D-61AC-470F-85AC-1484A5443EF9}.Release|Any CPU.Build.0 = Release|Any CPU
	EndGlobalSection
	GlobalSection(SolutionProperties) = preSolution
		HideSolutionNode = FALSE
	EndGlobalSection
	GlobalSection(ExtensibilityGlobals) = postSolution
		SolutionGuid = {41781B51-05AC-4D3E-B2C5-7C6106461765}
	EndGlobalSection
EndGlobal
